
Microsoft Visual Studio Solution File, Format Version 12.00
# Visual Studio Version 17
VisualStudioVersion = 17.4.33103.184
MinimumVisualStudioVersion = 10.0.40219.1
Project("{FAE04EC0-301F-11D3-BF4B-00C04F79EFBC}") = "MyGround", "MyGround\MyGround.csproj", "{7D06EDA4-0BE4-445C-B5FB-89DA11C9E9BA}"
EndProject
Global
	GlobalSection(SolutionConfigurationPlatforms) = preSolution
		Debug|Any CPU = Debug|Any CPU
		Release|Any CPU = Release|Any CPU
	EndGlobalSection
	GlobalSection(ProjectConfigurationPlatforms) = postSolution
		{7D06EDA4-0BE4-445C-B5FB-89DA11C9E9BA}.Debug|Any CPU.ActiveCfg = Debug|Any CPU
		{7D06EDA4-0BE4-445C-B5FB-89DA11C9E9BA}.Debug|Any CPU.Build.0 = Debug|Any CPU
		{7D06EDA4-0BE4-445C-B5FB-89DA11C9E9BA}.Release|Any CPU.ActiveCfg = Release|Any CPU
		{7D06EDA4-0BE4-445C-B5FB-89DA11C9E9BA}.Release|Any CPU.Build.0 = Release|Any CPU
	EndGlobalSection
	GlobalSection(SolutionProperties) = preSolution
		HideSolutionNode = FALSE
	EndGlobalSection
	GlobalSection(ExtensibilityGlobals) = postSolution
		SolutionGuid = {03484301-ACD6-42CB-A7DD-BB92D68644DE}
	EndGlobalSection
EndGlobal
